github.com/anacrolix/generics v0.0.0-20230314234802-b3aec36ef63e h1:wivGFphvXgJG6ZlFgSx7LOtXeFZ/+oe4myPhhzVC9zI=
github.com/anacrolix/generics v0.0.0-20230314234802-b3aec36ef63e/go.mod h1:ff2rHB/joTV03aMSSn/AZNnaIpUw0h3njetGsaXcMy8=
golang.org/x/exp v0.0.0-20220428152302-39d4317da171 h1:TfdoLivD44QwvssI9Sv1xwa5DcL5XQr4au4sZ2F2NV4=
golang.org/x/exp v0.0.0-20220428152302-39d4317da171/go.mod h1:lgLbSvA5ygNOMpwM/9anMpWVlVJ7Z+cHWq/eFuinpGE=
